
Microsoft Visual Studio Solution File, Format Version 12.00
# Visual Studio 15
VisualStudioVersion = 15.0.27130.2036
MinimumVisualStudioVersion = 10.0.40219.1
Project("{FAE04EC0-301F-11D3-BF4B-00C04F79EFBC}") = "StudioTime", "StudioTime\StudioTime.csproj", "{E9BA4E2D-3082-4BFA-ADF8-B4F1AD26249C}"
EndProject
Global
	GlobalSection(SolutionConfigurationPlatforms) = preSolution
		Debug|Any CPU = Debug|Any CPU
		Release|Any CPU = Release|Any CPU
	EndGlobalSection
	GlobalSection(ProjectConfigurationPlatforms) = postSolution
		{E9BA4E2D-3082-4BFA-ADF8-B4F1AD26249C}.Debug|Any CPU.ActiveCfg = Debug|Any CPU
		{E9BA4E2D-3082-4BFA-ADF8-B4F1AD26249C}.Debug|Any CPU.Build.0 = Debug|Any CPU
		{E9BA4E2D-3082-4BFA-ADF8-B4F1AD26249C}.Release|Any CPU.ActiveCfg = Release|Any CPU
		{E9BA4E2D-3082-4BFA-ADF8-B4F1AD26249C}.Release|Any CPU.Build.0 = Release|Any CPU
	EndGlobalSection
	GlobalSection(SolutionProperties) = preSolution
		HideSolutionNode = FALSE
	EndGlobalSection
	GlobalSection(ExtensibilityGlobals) = postSolution
		SolutionGuid = {123EBFFB-C231-4972-87A0-4F784DD5A6C7}
	EndGlobalSection
EndGlobal
